
Microsoft Visual Studio Solution File, Format Version 12.00
# Visual Studio Version 17
VisualStudioVersion = 17.14.36717.8
MinimumVisualStudioVersion = 10.0.40219.1
Project("{FAE04EC0-301F-11D3-BF4B-00C04F79EFBC}") = "HotelManagement.Desktop", "LMS\HotelManagement.Desktop.csproj", "{8DB8B624-EB09-476F-A8A5-0DA3297AD6AF}"
EndProject
Project("{FAE04EC0-301F-11D3-BF4B-00C04F79EFBC}") = "DataLayer", "DataLayer\DataLayer.csproj", "{7B70EF52-868C-464B-9D0F-D7A68A0875BC}"
EndProject
Project("{FAE04EC0-301F-11D3-BF4B-00C04F79EFBC}") = "API", "API\API.csproj", "{73D6279B-1755-4022-B169-66F04424ED04}"
EndProject
Project("{2150E333-8FDC-42A3-9474-1A3956D46DE8}") = "Solution Items", "Solution Items", "{8EC462FD-D22E-90A8-E5CE-7E832BA40C5D}"
	ProjectSection(SolutionItems) = preProject
		.gitignore = .gitignore
	EndProjectSection
EndProject
Global
	GlobalSection(SolutionConfigurationPlatforms) = preSolution
		Debug|Any CPU = Debug|Any CPU
		Release|Any CPU = Release|Any CPU
	EndGlobalSection
	GlobalSection(ProjectConfigurationPlatforms) = postSolution
		{8DB8B624-EB09-476F-A8A5-0DA3297AD6AF}.Debug|Any CPU.ActiveCfg = Debug|Any CPU
		{8DB8B624-EB09-476F-A8A5-0DA3297AD6AF}.Debug|Any CPU.Build.0 = Debug|Any CPU
		{8DB8B624-EB09-476F-A8A5-0DA3297AD6AF}.Release|Any CPU.ActiveCfg = Release|Any CPU
		{8DB8B624-EB09-476F-A8A5-0DA3297AD6AF}.Release|Any CPU.Build.0 = Release|Any CPU
		{7B70EF52-868C-464B-9D0F-D7A68A0875BC}.Debug|Any CPU.ActiveCfg = Debug|Any CPU
		{7B70EF52-868C-464B-9D0F-D7A68A0875BC}.Debug|Any CPU.Build.0 = Debug|Any CPU
		{7B70EF52-868C-464B-9D0F-D7A68A0875BC}.Release|Any CPU.ActiveCfg = Release|Any CPU
		{7B70EF52-868C-464B-9D0F-D7A68A0875BC}.Release|Any CPU.Build.0 = Release|Any CPU
		{73D6279B-1755-4022-B169-66F04424ED04}.Debug|Any CPU.ActiveCfg = Debug|Any CPU
		{73D6279B-1755-4022-B169-66F04424ED04}.Debug|Any CPU.Build.0 = Debug|Any CPU
		{73D6279B-1755-4022-B169-66F04424ED04}.Release|Any CPU.ActiveCfg = Release|Any CPU
		{73D6279B-1755-4022-B169-66F04424ED04}.Release|Any CPU.Build.0 = Release|Any CPU
	EndGlobalSection
	GlobalSection(SolutionProperties) = preSolution
		HideSolutionNode = FALSE
	EndGlobalSection
	GlobalSection(ExtensibilityGlobals) = postSolution
		SolutionGuid = {22D804B7-8372-4A48-BD79-A4F02F7972D2}
	EndGlobalSection
EndGlobal
